// !$*UTF8*$!
{
	archiveVersion = 1;
	classes = {
	};
	objectVersion = 46;
	objects = {

/* Begin PBXBuildFile section */
		FED2E01119DCC48F0028B89B /* AppDelegate.swift in Sources */ = {isa = PBXBuildFile; fileRef = FED2E01019DCC48F0028B89B /* AppDelegate.swift */; };
		FED2E01319DCC48F0028B89B /* Images.xcassets in Resources */ = {isa = PBXBuildFile; fileRef = FED2E01219DCC48F0028B89B /* Images.xcassets */; };
		FED2E01619DCC48F0028B89B /* MainMenu.xib in Resources */ = {isa = PBXBuildFile; fileRef = FED2E01419DCC48F0028B89B /* MainMenu.xib */; };
		FED2E02219DCC4900028B89B /* VectorSample_OSXTests.swift in Sources */ = {isa = PBXBuildFile; fileRef = FED2E02119DCC4900028B89B /* VectorSample_OSXTests.swift */; };
/* End PBXBuildFile section */

/* Begin PBXContainerItemProxy section */
		FED2E01C19DCC4900028B89B /* PBXContainerItemProxy */ = {
			isa = PBXContainerItemProxy;
			containerPortal = FED2E00319DCC48F0028B89B /* Project object */;
			proxyType = 1;
			remoteGlobalIDString = FED2E00A19DCC48F0028B89B;
			remoteInfo = VectorSample_OSX;
		};
/* End PBXContainerItemProxy section */

/* Begin PBXFileReference section */
		FED2E00B19DCC48F0028B89B /* VectorSample_OSX.app */ = {isa = PBXFileReference; explicitFileType = wrapper.application; includeInIndex = 0; path = VectorSample_OSX.app; sourceTree = BUILT_PRODUCTS_DIR; };
		FED2E00F19DCC48F0028B89B /* Info.plist */ = {isa = PBXFileReference; lastKnownFileType = text.plist.xml; path = Info.plist; sourceTree = "<group>"; };
		FED2E01019DCC48F0028B89B /* AppDelegate.swift */ = {isa = PBXFileReference; lastKnownFileType = sourcecode.swift; path = AppDelegate.swift; sourceTree = "<group>"; };
		FED2E01219DCC48F0028B89B /* Images.xcassets */ = {isa = PBXFileReference; lastKnownFileType = folder.assetcatalog; path = Images.xcassets; sourceTree = "<group>"; };
		FED2E01519DCC48F0028B89B /* Base */ = {isa = PBXFileReference; lastKnownFileType = file.xib; name = Base; path = Base.lproj/MainMenu.xib; sourceTree = "<group>"; };
		FED2E01B19DCC4900028B89B /* VectorSample_OSXTests.xctest */ = {isa = PBXFileReference; explicitFileType = wrapper.cfbundle; includeInIndex = 0; path = VectorSample_OSXTests.xctest; sourceTree = BUILT_PRODUCTS_DIR; };
		FED2E02019DCC4900028B89B /* Info.plist */ = {isa = PBXFileReference; lastKnownFileType = text.plist.xml; path = Info.plist; sourceTree = "<group>"; };
		FED2E02119DCC4900028B89B /* VectorSample_OSXTests.swift */ = {isa = PBXFileReference; lastKnownFileType = sourcecode.swift; path = VectorSample_OSXTests.swift; sourceTree = "<group>"; };
/* End PBXFileReference section */

/* Begin PBXFrameworksBuildPhase section */
		FED2E00819DCC48F0028B89B /* Frameworks */ = {
			isa = PBXFrameworksBuildPhase;
			buildActionMask = 2147483647;
			files = (
			);
			runOnlyForDeploymentPostprocessing = 0;
		};
		FED2E01819DCC4900028B89B /* Frameworks */ = {
			isa = PBXFrameworksBuildPhase;
			buildActionMask = 2147483647;
			files = (
			);
			runOnlyForDeploymentPostprocessing = 0;
		};
/* End PBXFrameworksBuildPhase section */

/* Begin PBXGroup section */
		FED2E00219DCC48F0028B89B = {
			isa = PBXGroup;
			children = (
				FED2E00D19DCC48F0028B89B /* VectorSample_OSX */,
				FED2E01E19DCC4900028B89B /* VectorSample_OSXTests */,
				FED2E00C19DCC48F0028B89B /* Products */,
			);
			sourceTree = "<group>";
		};
		FED2E00C19DCC48F0028B89B /* Products */ = {
			isa = PBXGroup;
			children = (
				FED2E00B19DCC48F0028B89B /* VectorSample_OSX.app */,
				FED2E01B19DCC4900028B89B /* VectorSample_OSXTests.xctest */,
			);
			name = Products;
			sourceTree = "<group>";
		};
		FED2E00D19DCC48F0028B89B /* VectorSample_OSX */ = {
			isa = PBXGroup;
			children = (
				FED2E01019DCC48F0028B89B /* AppDelegate.swift */,
				FED2E01219DCC48F0028B89B /* Images.xcassets */,
				FED2E01419DCC48F0028B89B /* MainMenu.xib */,
				FED2E00E19DCC48F0028B89B /* Supporting Files */,
			);
			path = VectorSample_OSX;
			sourceTree = "<group>";
		};
		FED2E00E19DCC48F0028B89B /* Supporting Files */ = {
			isa = PBXGroup;
			children = (
				FED2E00F19DCC48F0028B89B /* Info.plist */,
			);
			name = "Supporting Files";
			sourceTree = "<group>";
		};
		FED2E01E19DCC4900028B89B /* VectorSample_OSXTests */ = {
			isa = PBXGroup;
			children = (
				FED2E02119DCC4900028B89B /* VectorSample_OSXTests.swift */,
				FED2E01F19DCC4900028B89B /* Supporting Files */,
			);
			path = VectorSample_OSXTests;
			sourceTree = "<group>";
		};
		FED2E01F19DCC4900028B89B /* Supporting Files */ = {
			isa = PBXGroup;
			children = (
				FED2E02019DCC4900028B89B /* Info.plist */,
			);
			name = "Supporting Files";
			sourceTree = "<group>";
		};
/* End PBXGroup section */

/* Begin PBXNativeTarget section */
		FED2E00A19DCC48F0028B89B /* VectorSample_OSX */ = {
			isa = PBXNativeTarget;
			buildConfigurationList = FED2E02519DCC4900028B89B /* Build configuration list for PBXNativeTarget "VectorSample_OSX" */;
			buildPhases = (
				FED2E00719DCC48F0028B89B /* Sources */,
				FED2E00819DCC48F0028B89B /* Frameworks */,
				FED2E00919DCC48F0028B89B /* Resources */,
			);
			buildRules = (
			);
			dependencies = (
			);
			name = VectorSample_OSX;
			productName = VectorSample_OSX;
			productReference = FED2E00B19DCC48F0028B89B /* VectorSample_OSX.app */;
			productType = "com.apple.product-type.application";
		};
		FED2E01A19DCC4900028B89B /* VectorSample_OSXTests */ = {
			isa = PBXNativeTarget;
			buildConfigurationList = FED2E02819DCC4900028B89B /* Build configuration list for PBXNativeTarget "VectorSample_OSXTests" */;
			buildPhases = (
				FED2E01719DCC4900028B89B /* Sources */,
				FED2E01819DCC4900028B89B /* Frameworks */,
				FED2E01919DCC4900028B89B /* Resources */,
			);
			buildRules = (
			);
			dependencies = (
				FED2E01D19DCC4900028B89B /* PBXTargetDependency */,
			);
			name = VectorSample_OSXTests;
			productName = VectorSample_OSXTests;
			productReference = FED2E01B19DCC4900028B89B /* VectorSample_OSXTests.xctest */;
			productType = "com.apple.product-type.bundle.unit-test";
		};
/* End PBXNativeTarget section */

/* Begin PBXProject section */
		FED2E00319DCC48F0028B89B /* Project object */ = {
			isa = PBXProject;
			attributes = {
				LastUpgradeCheck = 0610;
				ORGANIZATIONNAME = Mono;
				TargetAttributes = {
					FED2E00A19DCC48F0028B89B = {
						CreatedOnToolsVersion = 6.1;
					};
					FED2E01A19DCC4900028B89B = {
						CreatedOnToolsVersion = 6.1;
						TestTargetID = FED2E00A19DCC48F0028B89B;
					};
				};
			};
			buildConfigurationList = FED2E00619DCC48F0028B89B /* Build configuration list for PBXProject "VectorSample_OSX" */;
			compatibilityVersion = "Xcode 3.2";
			developmentRegion = English;
			hasScannedForEncodings = 0;
			knownRegions = (
				en,
				Base,
			);
			mainGroup = FED2E00219DCC48F0028B89B;
			productRefGroup = FED2E00C19DCC48F0028B89B /* Products */;
			projectDirPath = "";
			projectRoot = "";
			targets = (
				FED2E00A19DCC48F0028B89B /* VectorSample_OSX */,
				FED2E01A19DCC4900028B89B /* VectorSample_OSXTests */,
			);
		};
/* End PBXProject section */

/* Begin PBXResourcesBuildPhase section */
		FED2E00919DCC48F0028B89B /* Resources */ = {
			isa = PBXResourcesBuildPhase;
			buildActionMask = 2147483647;
			files = (
				FED2E01319DCC48F0028B89B /* Images.xcassets in Resources */,
				FED2E01619DCC48F0028B89B /* MainMenu.xib in Resources */,
			);
			runOnlyForDeploymentPostprocessing = 0;
		};
		FED2E01919DCC4900028B89B /* Resources */ = {
			isa = PBXResourcesBuildPhase;
			buildActionMask = 2147483647;
			files = (
			);
			runOnlyForDeploymentPostprocessing = 0;
		};
/* End PBXResourcesBuildPhase section */

/* Begin PBXSourcesBuildPhase section */
		FED2E00719DCC48F0028B89B /* Sources */ = {
			isa = PBXSourcesBuildPhase;
			buildActionMask = 2147483647;
			files = (
				FED2E01119DCC48F0028B89B /* AppDelegate.swift in Sources */,
			);
			runOnlyForDeploymentPostprocessing = 0;
		};
		FED2E01719DCC4900028B89B /* Sources */ = {
			isa = PBXSourcesBuildPhase;
			buildActionMask = 2147483647;
			files = (
				FED2E02219DCC4900028B89B /* VectorSample_OSXTests.swift in Sources */,
			);
			runOnlyForDeploymentPostprocessing = 0;
		};
/* End PBXSourcesBuildPhase section */

/* Begin PBXTargetDependency section */
		FED2E01D19DCC4900028B89B /* PBXTargetDependency */ = {
			isa = PBXTargetDependency;
			target = FED2E00A19DCC48F0028B89B /* VectorSample_OSX */;
			targetProxy = FED2E01C19DCC4900028B89B /* PBXContainerItemProxy */;
		};
/* End PBXTargetDependency section */

/* Begin PBXVariantGroup section */
		FED2E01419DCC48F0028B89B /* MainMenu.xib */ = {
			isa = PBXVariantGroup;
			children = (
				FED2E01519DCC48F0028B89B /* Base */,
			);
			name = MainMenu.xib;
			sourceTree = "<group>";
		};
/* End PBXVariantGroup section */

/* Begin XCBuildConfiguration section */
		FED2E02319DCC4900028B89B /* Debug */ = {
			isa = XCBuildConfiguration;
			buildSettings = {
				ALWAYS_SEARCH_USER_PATHS = NO;
				CLANG_CXX_LANGUAGE_STANDARD = "gnu++0x";
				CLANG_CXX_LIBRARY = "libc++";
				CLANG_ENABLE_MODULES = YES;
				CLANG_ENABLE_OBJC_ARC = YES;
				CLANG_WARN_BOOL_CONVERSION = YES;
				CLANG_WARN_CONSTANT_CONVERSION = YES;
				CLANG_WARN_DIRECT_OBJC_ISA_USAGE = YES_ERROR;
				CLANG_WARN_EMPTY_BODY = YES;
				CLANG_WARN_ENUM_CONVERSION = YES;
				CLANG_WARN_INT_CONVERSION = YES;
				CLANG_WARN_OBJC_ROOT_CLASS = YES_ERROR;
				CLANG_WARN_UNREACHABLE_CODE = YES;
				CLANG_WARN__DUPLICATE_METHOD_MATCH = YES;
				CODE_SIGN_IDENTITY = "-";
				COPY_PHASE_STRIP = NO;
				ENABLE_STRICT_OBJC_MSGSEND = YES;
				GCC_C_LANGUAGE_STANDARD = gnu99;
				GCC_DYNAMIC_NO_PIC = NO;
				GCC_OPTIMIZATION_LEVEL = 0;
				GCC_PREPROCESSOR_DEFINITIONS = (
					"DEBUG=1",
					"$(inherited)",
				);
				GCC_SYMBOLS_PRIVATE_EXTERN = NO;
				GCC_WARN_64_TO_32_BIT_CONVERSION = YES;
				GCC_WARN_ABOUT_RETURN_TYPE = YES_ERROR;
				GCC_WARN_UNDECLARED_SELECTOR = YES;
				GCC_WARN_UNINITIALIZED_AUTOS = YES_AGGRESSIVE;
				GCC_WARN_UNUSED_FUNCTION = YES;
				GCC_WARN_UNUSED_VARIABLE = YES;
				MACOSX_DEPLOYMENT_TARGET = 10.9;
				MTL_ENABLE_DEBUG_INFO = YES;
				ONLY_ACTIVE_ARCH = YES;
				SDKROOT = macosx;
				SWIFT_OPTIMIZATION_LEVEL = "-Onone";
			};
			name = Debug;
		};
		FED2E02419DCC4900028B89B /* Release */ = {
			isa = XCBuildConfiguration;
			buildSettings = {
				ALWAYS_SEARCH_USER_PATHS = NO;
				CLANG_CXX_LANGUAGE_STANDARD = "gnu++0x";
				CLANG_CXX_LIBRARY = "libc++";
				CLANG_ENABLE_MODULES = YES;
				CLANG_ENABLE_OBJC_ARC = YES;
				CLANG_WARN_BOOL_CONVERSION = YES;
				CLANG_WARN_CONSTANT_CONVERSION = YES;
				CLANG_WARN_DIRECT_OBJC_ISA_USAGE = YES_ERROR;
				CLANG_WARN_EMPTY_BODY = YES;
				CLANG_WARN_ENUM_CONVERSION = YES;
				CLANG_WARN_INT_CONVERSION = YES;
				CLANG_WARN_OBJC_ROOT_CLASS = YES_ERROR;
				CLANG_WARN_UNREACHABLE_CODE = YES;
				CLANG_WARN__DUPLICATE_METHOD_MATCH = YES;
				CODE_SIGN_IDENTITY = "-";
				COPY_PHASE_STRIP = YES;
				DEBUG_INFORMATION_FORMAT = "dwarf-with-dsym";
				ENABLE_NS_ASSERTIONS = NO;
				ENABLE_STRICT_OBJC_MSGSEND = YES;
				GCC_C_LANGUAGE_STANDARD = gnu99;
				GCC_WARN_64_TO_32_BIT_CONVERSION = YES;
				GCC_WARN_ABOUT_RETURN_TYPE = YES_ERROR;
				GCC_WARN_UNDECLARED_SELECTOR = YES;
				GCC_WARN_UNINITIALIZED_AUTOS = YES_AGGRESSIVE;
				GCC_WARN_UNUSED_FUNCTION = YES;
				GCC_WARN_UNUSED_VARIABLE = YES;
				MACOSX_DEPLOYMENT_TARGET = 10.9;
				MTL_ENABLE_DEBUG_INFO = NO;
				SDKROOT = macosx;
			};
			name = Release;
		};
		FED2E02619DCC4900028B89B /* Debug */ = {
			isa = XCBuildConfiguration;
			buildSettings = {
				ASSETCATALOG_COMPILER_APPICON_NAME = AppIcon;
				COMBINE_HIDPI_IMAGES = YES;
				INFOPLIST_FILE = VectorSample_OSX/Info.plist;
				LD_RUNPATH_SEARCH_PATHS = "$(inherited) @executable_path/../Frameworks";
				PRODUCT_NAME = "$(TARGET_NAME)";
			};
			name = Debug;
		};
		FED2E02719DCC4900028B89B /* Release */ = {
			isa = XCBuildConfiguration;
			buildSettings = {
				ASSETCATALOG_COMPILER_APPICON_NAME = AppIcon;
				COMBINE_HIDPI_IMAGES = YES;
				INFOPLIST_FILE = VectorSample_OSX/Info.plist;
				LD_RUNPATH_SEARCH_PATHS = "$(inherited) @executable_path/../Frameworks";
				PRODUCT_NAME = "$(TARGET_NAME)";
			};
			name = Release;
		};
		FED2E02919DCC4900028B89B /* Debug */ = {
			isa = XCBuildConfiguration;
			buildSettings = {
				BUNDLE_LOADER = "$(TEST_HOST)";
				COMBINE_HIDPI_IMAGES = YES;
				FRAMEWORK_SEARCH_PATHS = (
					"$(DEVELOPER_FRAMEWORKS_DIR)",
					"$(inherited)",
				);
				GCC_PREPROCESSOR_DEFINITIONS = (
					"DEBUG=1",
					"$(inherited)",
				);
				INFOPLIST_FILE = VectorSample_OSXTests/Info.plist;
				LD_RUNPATH_SEARCH_PATHS = "$(inherited) @executable_path/../Frameworks @loader_path/../Frameworks";
				PRODUCT_NAME = "$(TARGET_NAME)";
				TEST_HOST = "$(BUILT_PRODUCTS_DIR)/VectorSample_OSX.app/Contents/MacOS/VectorSample_OSX";
			};
			name = Debug;
		};
		FED2E02A19DCC4900028B89B /* Release */ = {
			isa = XCBuildConfiguration;
			buildSettings = {
				BUNDLE_LOADER = "$(TEST_HOST)";
				COMBINE_HIDPI_IMAGES = YES;
				FRAMEWORK_SEARCH_PATHS = (
					"$(DEVELOPER_FRAMEWORKS_DIR)",
					"$(inherited)",
				);
				INFOPLIST_FILE = VectorSample_OSXTests/Info.plist;
				LD_RUNPATH_SEARCH_PATHS = "$(inherited) @executable_path/../Frameworks @loader_path/../Frameworks";
				PRODUCT_NAME = "$(TARGET_NAME)";
				TEST_HOST = "$(BUILT_PRODUCTS_DIR)/VectorSample_OSX.app/Contents/MacOS/VectorSample_OSX";
			};
			name = Release;
		};
/* End XCBuildConfiguration section */

/* Begin XCConfigurationList section */
		FED2E00619DCC48F0028B89B /* Build configuration list for PBXProject "VectorSample_OSX" */ = {
			isa = XCConfigurationList;
			buildConfigurations = (
				FED2E02319DCC4900028B89B /* Debug */,
				FED2E02419DCC4900028B89B /* Release */,
			);
			defaultConfigurationIsVisible = 0;
			defaultConfigurationName = Release;
		};
		FED2E02519DCC4900028B89B /* Build configuration list for PBXNativeTarget "VectorSample_OSX" */ = {
			isa = XCConfigurationList;
			buildConfigurations = (
				FED2E02619DCC4900028B89B /* Debug */,
				FED2E02719DCC4900028B89B /* Release */,
			);
			defaultConfigurationIsVisible = 0;
		};
		FED2E02819DCC4900028B89B /* Build configuration list for PBXNativeTarget "VectorSample_OSXTests" */ = {
			isa = XCConfigurationList;
			buildConfigurations = (
				FED2E02919DCC4900028B89B /* Debug */,
				FED2E02A19DCC4900028B89B /* Release */,
			);
			defaultConfigurationIsVisible = 0;
		};
/* End XCConfigurationList section */
	};
	rootObject = FED2E00319DCC48F0028B89B /* Project object */;
}
