// !$*UTF8*$!
{
	archiveVersion = 1;
	classes = {
	};
	objectVersion = 46;
	objects = {

/* Begin PBXBuildFile section */
		FED2DFE319DCBDB40028B89B /* AppDelegate.swift in Sources */ = {isa = PBXBuildFile; fileRef = FED2DFE219DCBDB40028B89B /* AppDelegate.swift */; };
		FED2DFE519DCBDB40028B89B /* ViewController.swift in Sources */ = {isa = PBXBuildFile; fileRef = FED2DFE419DCBDB40028B89B /* ViewController.swift */; };
		FED2DFE819DCBDB40028B89B /* Main.storyboard in Resources */ = {isa = PBXBuildFile; fileRef = FED2DFE619DCBDB40028B89B /* Main.storyboard */; };
		FED2DFEA19DCBDB40028B89B /* Images.xcassets in Resources */ = {isa = PBXBuildFile; fileRef = FED2DFE919DCBDB40028B89B /* Images.xcassets */; };
		FED2DFED19DCBDB40028B89B /* LaunchScreen.xib in Resources */ = {isa = PBXBuildFile; fileRef = FED2DFEB19DCBDB40028B89B /* LaunchScreen.xib */; };
		FED2DFF919DCBDB40028B89B /* VectorSampleTests.swift in Sources */ = {isa = PBXBuildFile; fileRef = FED2DFF819DCBDB40028B89B /* VectorSampleTests.swift */; };
/* End PBXBuildFile section */

/* Begin PBXContainerItemProxy section */
		FED2DFF319DCBDB40028B89B /* PBXContainerItemProxy */ = {
			isa = PBXContainerItemProxy;
			containerPortal = FED2DFD519DCBDB40028B89B /* Project object */;
			proxyType = 1;
			remoteGlobalIDString = FED2DFDC19DCBDB40028B89B;
			remoteInfo = VectorSample;
		};
/* End PBXContainerItemProxy section */

/* Begin PBXFileReference section */
		FED2DFDD19DCBDB40028B89B /* VectorSample.app */ = {isa = PBXFileReference; explicitFileType = wrapper.application; includeInIndex = 0; path = VectorSample.app; sourceTree = BUILT_PRODUCTS_DIR; };
		FED2DFE119DCBDB40028B89B /* Info.plist */ = {isa = PBXFileReference; lastKnownFileType = text.plist.xml; path = Info.plist; sourceTree = "<group>"; };
		FED2DFE219DCBDB40028B89B /* AppDelegate.swift */ = {isa = PBXFileReference; lastKnownFileType = sourcecode.swift; path = AppDelegate.swift; sourceTree = "<group>"; };
		FED2DFE419DCBDB40028B89B /* ViewController.swift */ = {isa = PBXFileReference; lastKnownFileType = sourcecode.swift; path = ViewController.swift; sourceTree = "<group>"; };
		FED2DFE719DCBDB40028B89B /* Base */ = {isa = PBXFileReference; lastKnownFileType = file.storyboard; name = Base; path = Base.lproj/Main.storyboard; sourceTree = "<group>"; };
		FED2DFE919DCBDB40028B89B /* Images.xcassets */ = {isa = PBXFileReference; lastKnownFileType = folder.assetcatalog; path = Images.xcassets; sourceTree = "<group>"; };
		FED2DFEC19DCBDB40028B89B /* Base */ = {isa = PBXFileReference; lastKnownFileType = file.xib; name = Base; path = Base.lproj/LaunchScreen.xib; sourceTree = "<group>"; };
		FED2DFF219DCBDB40028B89B /* VectorSampleTests.xctest */ = {isa = PBXFileReference; explicitFileType = wrapper.cfbundle; includeInIndex = 0; path = VectorSampleTests.xctest; sourceTree = BUILT_PRODUCTS_DIR; };
		FED2DFF719DCBDB40028B89B /* Info.plist */ = {isa = PBXFileReference; lastKnownFileType = text.plist.xml; path = Info.plist; sourceTree = "<group>"; };
		FED2DFF819DCBDB40028B89B /* VectorSampleTests.swift */ = {isa = PBXFileReference; lastKnownFileType = sourcecode.swift; path = VectorSampleTests.swift; sourceTree = "<group>"; };
/* End PBXFileReference section */

/* Begin PBXFrameworksBuildPhase section */
		FED2DFDA19DCBDB40028B89B /* Frameworks */ = {
			isa = PBXFrameworksBuildPhase;
			buildActionMask = 2147483647;
			files = (
			);
			runOnlyForDeploymentPostprocessing = 0;
		};
		FED2DFEF19DCBDB40028B89B /* Frameworks */ = {
			isa = PBXFrameworksBuildPhase;
			buildActionMask = 2147483647;
			files = (
			);
			runOnlyForDeploymentPostprocessing = 0;
		};
/* End PBXFrameworksBuildPhase section */

/* Begin PBXGroup section */
		FED2DFD419DCBDB40028B89B = {
			isa = PBXGroup;
			children = (
				FED2DFDF19DCBDB40028B89B /* VectorSample */,
				FED2DFF519DCBDB40028B89B /* VectorSampleTests */,
				FED2DFDE19DCBDB40028B89B /* Products */,
			);
			sourceTree = "<group>";
		};
		FED2DFDE19DCBDB40028B89B /* Products */ = {
			isa = PBXGroup;
			children = (
				FED2DFDD19DCBDB40028B89B /* VectorSample.app */,
				FED2DFF219DCBDB40028B89B /* VectorSampleTests.xctest */,
			);
			name = Products;
			sourceTree = "<group>";
		};
		FED2DFDF19DCBDB40028B89B /* VectorSample */ = {
			isa = PBXGroup;
			children = (
				FED2DFE219DCBDB40028B89B /* AppDelegate.swift */,
				FED2DFE419DCBDB40028B89B /* ViewController.swift */,
				FED2DFE619DCBDB40028B89B /* Main.storyboard */,
				FED2DFE919DCBDB40028B89B /* Images.xcassets */,
				FED2DFEB19DCBDB40028B89B /* LaunchScreen.xib */,
				FED2DFE019DCBDB40028B89B /* Supporting Files */,
			);
			path = VectorSample;
			sourceTree = "<group>";
		};
		FED2DFE019DCBDB40028B89B /* Supporting Files */ = {
			isa = PBXGroup;
			children = (
				FED2DFE119DCBDB40028B89B /* Info.plist */,
			);
			name = "Supporting Files";
			sourceTree = "<group>";
		};
		FED2DFF519DCBDB40028B89B /* VectorSampleTests */ = {
			isa = PBXGroup;
			children = (
				FED2DFF819DCBDB40028B89B /* VectorSampleTests.swift */,
				FED2DFF619DCBDB40028B89B /* Supporting Files */,
			);
			path = VectorSampleTests;
			sourceTree = "<group>";
		};
		FED2DFF619DCBDB40028B89B /* Supporting Files */ = {
			isa = PBXGroup;
			children = (
				FED2DFF719DCBDB40028B89B /* Info.plist */,
			);
			name = "Supporting Files";
			sourceTree = "<group>";
		};
/* End PBXGroup section */

/* Begin PBXNativeTarget section */
		FED2DFDC19DCBDB40028B89B /* VectorSample */ = {
			isa = PBXNativeTarget;
			buildConfigurationList = FED2DFFC19DCBDB40028B89B /* Build configuration list for PBXNativeTarget "VectorSample" */;
			buildPhases = (
				FED2DFD919DCBDB40028B89B /* Sources */,
				FED2DFDA19DCBDB40028B89B /* Frameworks */,
				FED2DFDB19DCBDB40028B89B /* Resources */,
			);
			buildRules = (
			);
			dependencies = (
			);
			name = VectorSample;
			productName = VectorSample;
			productReference = FED2DFDD19DCBDB40028B89B /* VectorSample.app */;
			productType = "com.apple.product-type.application";
		};
		FED2DFF119DCBDB40028B89B /* VectorSampleTests */ = {
			isa = PBXNativeTarget;
			buildConfigurationList = FED2DFFF19DCBDB40028B89B /* Build configuration list for PBXNativeTarget "VectorSampleTests" */;
			buildPhases = (
				FED2DFEE19DCBDB40028B89B /* Sources */,
				FED2DFEF19DCBDB40028B89B /* Frameworks */,
				FED2DFF019DCBDB40028B89B /* Resources */,
			);
			buildRules = (
			);
			dependencies = (
				FED2DFF419DCBDB40028B89B /* PBXTargetDependency */,
			);
			name = VectorSampleTests;
			productName = VectorSampleTests;
			productReference = FED2DFF219DCBDB40028B89B /* VectorSampleTests.xctest */;
			productType = "com.apple.product-type.bundle.unit-test";
		};
/* End PBXNativeTarget section */

/* Begin PBXProject section */
		FED2DFD519DCBDB40028B89B /* Project object */ = {
			isa = PBXProject;
			attributes = {
				LastUpgradeCheck = 0610;
				ORGANIZATIONNAME = Mono;
				TargetAttributes = {
					FED2DFDC19DCBDB40028B89B = {
						CreatedOnToolsVersion = 6.1;
					};
					FED2DFF119DCBDB40028B89B = {
						CreatedOnToolsVersion = 6.1;
						TestTargetID = FED2DFDC19DCBDB40028B89B;
					};
				};
			};
			buildConfigurationList = FED2DFD819DCBDB40028B89B /* Build configuration list for PBXProject "VectorSample" */;
			compatibilityVersion = "Xcode 3.2";
			developmentRegion = English;
			hasScannedForEncodings = 0;
			knownRegions = (
				en,
				Base,
			);
			mainGroup = FED2DFD419DCBDB40028B89B;
			productRefGroup = FED2DFDE19DCBDB40028B89B /* Products */;
			projectDirPath = "";
			projectRoot = "";
			targets = (
				FED2DFDC19DCBDB40028B89B /* VectorSample */,
				FED2DFF119DCBDB40028B89B /* VectorSampleTests */,
			);
		};
/* End PBXProject section */

/* Begin PBXResourcesBuildPhase section */
		FED2DFDB19DCBDB40028B89B /* Resources */ = {
			isa = PBXResourcesBuildPhase;
			buildActionMask = 2147483647;
			files = (
				FED2DFE819DCBDB40028B89B /* Main.storyboard in Resources */,
				FED2DFED19DCBDB40028B89B /* LaunchScreen.xib in Resources */,
				FED2DFEA19DCBDB40028B89B /* Images.xcassets in Resources */,
			);
			runOnlyForDeploymentPostprocessing = 0;
		};
		FED2DFF019DCBDB40028B89B /* Resources */ = {
			isa = PBXResourcesBuildPhase;
			buildActionMask = 2147483647;
			files = (
			);
			runOnlyForDeploymentPostprocessing = 0;
		};
/* End PBXResourcesBuildPhase section */

/* Begin PBXSourcesBuildPhase section */
		FED2DFD919DCBDB40028B89B /* Sources */ = {
			isa = PBXSourcesBuildPhase;
			buildActionMask = 2147483647;
			files = (
				FED2DFE519DCBDB40028B89B /* ViewController.swift in Sources */,
				FED2DFE319DCBDB40028B89B /* AppDelegate.swift in Sources */,
			);
			runOnlyForDeploymentPostprocessing = 0;
		};
		FED2DFEE19DCBDB40028B89B /* Sources */ = {
			isa = PBXSourcesBuildPhase;
			buildActionMask = 2147483647;
			files = (
				FED2DFF919DCBDB40028B89B /* VectorSampleTests.swift in Sources */,
			);
			runOnlyForDeploymentPostprocessing = 0;
		};
/* End PBXSourcesBuildPhase section */

/* Begin PBXTargetDependency section */
		FED2DFF419DCBDB40028B89B /* PBXTargetDependency */ = {
			isa = PBXTargetDependency;
			target = FED2DFDC19DCBDB40028B89B /* VectorSample */;
			targetProxy = FED2DFF319DCBDB40028B89B /* PBXContainerItemProxy */;
		};
/* End PBXTargetDependency section */

/* Begin PBXVariantGroup section */
		FED2DFE619DCBDB40028B89B /* Main.storyboard */ = {
			isa = PBXVariantGroup;
			children = (
				FED2DFE719DCBDB40028B89B /* Base */,
			);
			name = Main.storyboard;
			sourceTree = "<group>";
		};
		FED2DFEB19DCBDB40028B89B /* LaunchScreen.xib */ = {
			isa = PBXVariantGroup;
			children = (
				FED2DFEC19DCBDB40028B89B /* Base */,
			);
			name = LaunchScreen.xib;
			sourceTree = "<group>";
		};
/* End PBXVariantGroup section */

/* Begin XCBuildConfiguration section */
		FED2DFFA19DCBDB40028B89B /* Debug */ = {
			isa = XCBuildConfiguration;
			buildSettings = {
				ALWAYS_SEARCH_USER_PATHS = NO;
				CLANG_CXX_LANGUAGE_STANDARD = "gnu++0x";
				CLANG_CXX_LIBRARY = "libc++";
				CLANG_ENABLE_MODULES = YES;
				CLANG_ENABLE_OBJC_ARC = YES;
				CLANG_WARN_BOOL_CONVERSION = YES;
				CLANG_WARN_CONSTANT_CONVERSION = YES;
				CLANG_WARN_DIRECT_OBJC_ISA_USAGE = YES_ERROR;
				CLANG_WARN_EMPTY_BODY = YES;
				CLANG_WARN_ENUM_CONVERSION = YES;
				CLANG_WARN_INT_CONVERSION = YES;
				CLANG_WARN_OBJC_ROOT_CLASS = YES_ERROR;
				CLANG_WARN_UNREACHABLE_CODE = YES;
				CLANG_WARN__DUPLICATE_METHOD_MATCH = YES;
				"CODE_SIGN_IDENTITY[sdk=iphoneos*]" = "iPhone Developer";
				COPY_PHASE_STRIP = NO;
				ENABLE_STRICT_OBJC_MSGSEND = YES;
				GCC_C_LANGUAGE_STANDARD = gnu99;
				GCC_DYNAMIC_NO_PIC = NO;
				GCC_OPTIMIZATION_LEVEL = 0;
				GCC_PREPROCESSOR_DEFINITIONS = (
					"DEBUG=1",
					"$(inherited)",
				);
				GCC_SYMBOLS_PRIVATE_EXTERN = NO;
				GCC_WARN_64_TO_32_BIT_CONVERSION = YES;
				GCC_WARN_ABOUT_RETURN_TYPE = YES_ERROR;
				GCC_WARN_UNDECLARED_SELECTOR = YES;
				GCC_WARN_UNINITIALIZED_AUTOS = YES_AGGRESSIVE;
				GCC_WARN_UNUSED_FUNCTION = YES;
				GCC_WARN_UNUSED_VARIABLE = YES;
				IPHONEOS_DEPLOYMENT_TARGET = 8.1;
				MTL_ENABLE_DEBUG_INFO = YES;
				ONLY_ACTIVE_ARCH = YES;
				SDKROOT = iphoneos;
				SWIFT_OPTIMIZATION_LEVEL = "-Onone";
				TARGETED_DEVICE_FAMILY = "1,2";
			};
			name = Debug;
		};
		FED2DFFB19DCBDB40028B89B /* Release */ = {
			isa = XCBuildConfiguration;
			buildSettings = {
				ALWAYS_SEARCH_USER_PATHS = NO;
				CLANG_CXX_LANGUAGE_STANDARD = "gnu++0x";
				CLANG_CXX_LIBRARY = "libc++";
				CLANG_ENABLE_MODULES = YES;
				CLANG_ENABLE_OBJC_ARC = YES;
				CLANG_WARN_BOOL_CONVERSION = YES;
				CLANG_WARN_CONSTANT_CONVERSION = YES;
				CLANG_WARN_DIRECT_OBJC_ISA_USAGE = YES_ERROR;
				CLANG_WARN_EMPTY_BODY = YES;
				CLANG_WARN_ENUM_CONVERSION = YES;
				CLANG_WARN_INT_CONVERSION = YES;
				CLANG_WARN_OBJC_ROOT_CLASS = YES_ERROR;
				CLANG_WARN_UNREACHABLE_CODE = YES;
				CLANG_WARN__DUPLICATE_METHOD_MATCH = YES;
				"CODE_SIGN_IDENTITY[sdk=iphoneos*]" = "iPhone Developer";
				COPY_PHASE_STRIP = YES;
				ENABLE_NS_ASSERTIONS = NO;
				ENABLE_STRICT_OBJC_MSGSEND = YES;
				GCC_C_LANGUAGE_STANDARD = gnu99;
				GCC_WARN_64_TO_32_BIT_CONVERSION = YES;
				GCC_WARN_ABOUT_RETURN_TYPE = YES_ERROR;
				GCC_WARN_UNDECLARED_SELECTOR = YES;
				GCC_WARN_UNINITIALIZED_AUTOS = YES_AGGRESSIVE;
				GCC_WARN_UNUSED_FUNCTION = YES;
				GCC_WARN_UNUSED_VARIABLE = YES;
				IPHONEOS_DEPLOYMENT_TARGET = 8.1;
				MTL_ENABLE_DEBUG_INFO = NO;
				SDKROOT = iphoneos;
				TARGETED_DEVICE_FAMILY = "1,2";
				VALIDATE_PRODUCT = YES;
			};
			name = Release;
		};
		FED2DFFD19DCBDB40028B89B /* Debug */ = {
			isa = XCBuildConfiguration;
			buildSettings = {
				ASSETCATALOG_COMPILER_APPICON_NAME = AppIcon;
				INFOPLIST_FILE = VectorSample/Info.plist;
				LD_RUNPATH_SEARCH_PATHS = "$(inherited) @executable_path/Frameworks";
				PRODUCT_NAME = "$(TARGET_NAME)";
			};
			name = Debug;
		};
		FED2DFFE19DCBDB40028B89B /* Release */ = {
			isa = XCBuildConfiguration;
			buildSettings = {
				ASSETCATALOG_COMPILER_APPICON_NAME = AppIcon;
				INFOPLIST_FILE = VectorSample/Info.plist;
				LD_RUNPATH_SEARCH_PATHS = "$(inherited) @executable_path/Frameworks";
				PRODUCT_NAME = "$(TARGET_NAME)";
			};
			name = Release;
		};
		FED2E00019DCBDB40028B89B /* Debug */ = {
			isa = XCBuildConfiguration;
			buildSettings = {
				BUNDLE_LOADER = "$(TEST_HOST)";
				FRAMEWORK_SEARCH_PATHS = (
					"$(SDKROOT)/Developer/Library/Frameworks",
					"$(inherited)",
				);
				GCC_PREPROCESSOR_DEFINITIONS = (
					"DEBUG=1",
					"$(inherited)",
				);
				INFOPLIST_FILE = VectorSampleTests/Info.plist;
				LD_RUNPATH_SEARCH_PATHS = "$(inherited) @executable_path/Frameworks @loader_path/Frameworks";
				PRODUCT_NAME = "$(TARGET_NAME)";
				TEST_HOST = "$(BUILT_PRODUCTS_DIR)/VectorSample.app/VectorSample";
			};
			name = Debug;
		};
		FED2E00119DCBDB40028B89B /* Release */ = {
			isa = XCBuildConfiguration;
			buildSettings = {
				BUNDLE_LOADER = "$(TEST_HOST)";
				FRAMEWORK_SEARCH_PATHS = (
					"$(SDKROOT)/Developer/Library/Frameworks",
					"$(inherited)",
				);
				INFOPLIST_FILE = VectorSampleTests/Info.plist;
				LD_RUNPATH_SEARCH_PATHS = "$(inherited) @executable_path/Frameworks @loader_path/Frameworks";
				PRODUCT_NAME = "$(TARGET_NAME)";
				TEST_HOST = "$(BUILT_PRODUCTS_DIR)/VectorSample.app/VectorSample";
			};
			name = Release;
		};
/* End XCBuildConfiguration section */

/* Begin XCConfigurationList section */
		FED2DFD819DCBDB40028B89B /* Build configuration list for PBXProject "VectorSample" */ = {
			isa = XCConfigurationList;
			buildConfigurations = (
				FED2DFFA19DCBDB40028B89B /* Debug */,
				FED2DFFB19DCBDB40028B89B /* Release */,
			);
			defaultConfigurationIsVisible = 0;
			defaultConfigurationName = Release;
		};
		FED2DFFC19DCBDB40028B89B /* Build configuration list for PBXNativeTarget "VectorSample" */ = {
			isa = XCConfigurationList;
			buildConfigurations = (
				FED2DFFD19DCBDB40028B89B /* Debug */,
				FED2DFFE19DCBDB40028B89B /* Release */,
			);
			defaultConfigurationIsVisible = 0;
		};
		FED2DFFF19DCBDB40028B89B /* Build configuration list for PBXNativeTarget "VectorSampleTests" */ = {
			isa = XCConfigurationList;
			buildConfigurations = (
				FED2E00019DCBDB40028B89B /* Debug */,
				FED2E00119DCBDB40028B89B /* Release */,
			);
			defaultConfigurationIsVisible = 0;
		};
/* End XCConfigurationList section */
	};
	rootObject = FED2DFD519DCBDB40028B89B /* Project object */;
}
